
Microsoft Visual Studio Solution File, Format Version 12.00
# Visual Studio Version 16
VisualStudioVersion = 25.0.1705.0
MinimumVisualStudioVersion = 10.0.40219.1
Project("{FAE04EC0-301F-11D3-BF4B-00C04F79EFBC}") = "Bankomat", "Bankomat\Bankomat.csproj", "{3094E21D-E125-460A-BE37-3993757DD1B0}"
EndProject
Project("{FAE04EC0-301F-11D3-BF4B-00C04F79EFBC}") = "Bankomat.Tests", "Bankomat.Tests\Bankomat.Tests.csproj", "{2582AA7E-FABB-4068-9747-9666112DAC30}"
EndProject
Global
	GlobalSection(SolutionProperties) = preSolution
		HideSolutionNode = FALSE
	EndGlobalSection
	GlobalSection(ExtensibilityGlobals) = postSolution
		SolutionGuid = {C835FA83-0EC1-453B-B0FF-55C6C137876B}
	EndGlobalSection
	GlobalSection(SolutionConfigurationPlatforms) = preSolution
		Debug|Any CPU = Debug|Any CPU
		Debug|x64 = Debug|x64
		Debug|x86 = Debug|x86
		Release|Any CPU = Release|Any CPU
		Release|x64 = Release|x64
		Release|x86 = Release|x86
	EndGlobalSection
	GlobalSection(ProjectConfigurationPlatforms) = postSolution
		{3094E21D-E125-460A-BE37-3993757DD1B0}.Debug|Any CPU.ActiveCfg = Debug|Any CPU
		{3094E21D-E125-460A-BE37-3993757DD1B0}.Debug|Any CPU.Build.0 = Debug|Any CPU
		{3094E21D-E125-460A-BE37-3993757DD1B0}.Debug|x64.ActiveCfg = Debug|Any CPU
		{3094E21D-E125-460A-BE37-3993757DD1B0}.Debug|x64.Build.0 = Debug|Any CPU
		{3094E21D-E125-460A-BE37-3993757DD1B0}.Debug|x86.ActiveCfg = Debug|Any CPU
		{3094E21D-E125-460A-BE37-3993757DD1B0}.Debug|x86.Build.0 = Debug|Any CPU
		{3094E21D-E125-460A-BE37-3993757DD1B0}.Release|Any CPU.ActiveCfg = Release|Any CPU
		{3094E21D-E125-460A-BE37-3993757DD1B0}.Release|Any CPU.Build.0 = Release|Any CPU
		{3094E21D-E125-460A-BE37-3993757DD1B0}.Release|x64.ActiveCfg = Release|Any CPU
		{3094E21D-E125-460A-BE37-3993757DD1B0}.Release|x64.Build.0 = Release|Any CPU
		{3094E21D-E125-460A-BE37-3993757DD1B0}.Release|x86.ActiveCfg = Release|Any CPU
		{3094E21D-E125-460A-BE37-3993757DD1B0}.Release|x86.Build.0 = Release|Any CPU
		{2582AA7E-FABB-4068-9747-9666112DAC30}.Debug|Any CPU.ActiveCfg = Debug|Any CPU
		{2582AA7E-FABB-4068-9747-9666112DAC30}.Debug|Any CPU.Build.0 = Debug|Any CPU
		{2582AA7E-FABB-4068-9747-9666112DAC30}.Debug|x64.ActiveCfg = Debug|Any CPU
		{2582AA7E-FABB-4068-9747-9666112DAC30}.Debug|x64.Build.0 = Debug|Any CPU
		{2582AA7E-FABB-4068-9747-9666112DAC30}.Debug|x86.ActiveCfg = Debug|Any CPU
		{2582AA7E-FABB-4068-9747-9666112DAC30}.Debug|x86.Build.0 = Debug|Any CPU
		{2582AA7E-FABB-4068-9747-9666112DAC30}.Release|Any CPU.ActiveCfg = Release|Any CPU
		{2582AA7E-FABB-4068-9747-9666112DAC30}.Release|Any CPU.Build.0 = Release|Any CPU
		{2582AA7E-FABB-4068-9747-9666112DAC30}.Release|x64.ActiveCfg = Release|Any CPU
		{2582AA7E-FABB-4068-9747-9666112DAC30}.Release|x64.Build.0 = Release|Any CPU
		{2582AA7E-FABB-4068-9747-9666112DAC30}.Release|x86.ActiveCfg = Release|Any CPU
		{2582AA7E-FABB-4068-9747-9666112DAC30}.Release|x86.Build.0 = Release|Any CPU
	EndGlobalSection
EndGlobal
